// !$*UTF8*$!
{
	archiveVersion = 1;
	classes = {
	};
	objectVersion = 56;
	objects = {

/* Begin PBXBuildFile section */
		2BA334B52A2215BB0013291F /* PlaceHolderTextView.swift in Sources */ = {isa = PBXBuildFile; fileRef = 2BA334B42A2215BB0013291F /* PlaceHolderTextView.swift */; };
		2BAAACE12A1D0896005DB61B /* AppDelegate.swift in Sources */ = {isa = PBXBuildFile; fileRef = 2BAAACE02A1D0896005DB61B /* AppDelegate.swift */; };
		2BAAACE32A1D0896005DB61B /* SceneDelegate.swift in Sources */ = {isa = PBXBuildFile; fileRef = 2BAAACE22A1D0896005DB61B /* SceneDelegate.swift */; };
		2BAAACE52A1D0896005DB61B /* HomeViewController.swift in Sources */ = {isa = PBXBuildFile; fileRef = 2BAAACE42A1D0896005DB61B /* HomeViewController.swift */; };
		2BAAACE82A1D0896005DB61B /* Main.storyboard in Resources */ = {isa = PBXBuildFile; fileRef = 2BAAACE62A1D0896005DB61B /* Main.storyboard */; };
		2BAAACEA2A1D0898005DB61B /* Assets.xcassets in Resources */ = {isa = PBXBuildFile; fileRef = 2BAAACE92A1D0898005DB61B /* Assets.xcassets */; };
		2BAAACED2A1D0898005DB61B /* LaunchScreen.storyboard in Resources */ = {isa = PBXBuildFile; fileRef = 2BAAACEB2A1D0898005DB61B /* LaunchScreen.storyboard */; };
		2BAAACF82A1D0899005DB61B /* TwitterSampleAppTests.swift in Sources */ = {isa = PBXBuildFile; fileRef = 2BAAACF72A1D0899005DB61B /* TwitterSampleAppTests.swift */; };
		2BAAAD022A1D0899005DB61B /* TwitterSampleAppUITests.swift in Sources */ = {isa = PBXBuildFile; fileRef = 2BAAAD012A1D0899005DB61B /* TwitterSampleAppUITests.swift */; };
		2BAAAD042A1D0899005DB61B /* TwitterSampleAppUITestsLaunchTests.swift in Sources */ = {isa = PBXBuildFile; fileRef = 2BAAAD032A1D0899005DB61B /* TwitterSampleAppUITestsLaunchTests.swift */; };
		2BAAAD112A1D0932005DB61B /* PostDataModel.swift in Sources */ = {isa = PBXBuildFile; fileRef = 2BAAAD102A1D0932005DB61B /* PostDataModel.swift */; };
		2BAAAD142A1D0A92005DB61B /* PostTableViewCell.swift in Sources */ = {isa = PBXBuildFile; fileRef = 2BAAAD122A1D0A92005DB61B /* PostTableViewCell.swift */; };
		2BAAAD152A1D0A92005DB61B /* PostTableViewCell.xib in Resources */ = {isa = PBXBuildFile; fileRef = 2BAAAD132A1D0A92005DB61B /* PostTableViewCell.xib */; };
		2BB629692A20D3B300B38F87 /* CreateNewPostVIewController.swift in Sources */ = {isa = PBXBuildFile; fileRef = 2BB629682A20D3B300B38F87 /* CreateNewPostVIewController.swift */; };
/* End PBXBuildFile section */

/* Begin PBXContainerItemProxy section */
		2BAAACF42A1D0899005DB61B /* PBXContainerItemProxy */ = {
			isa = PBXContainerItemProxy;
			containerPortal = 2BAAACD52A1D0895005DB61B /* Project object */;
			proxyType = 1;
			remoteGlobalIDString = 2BAAACDC2A1D0896005DB61B;
			remoteInfo = TwitterSampleApp;
		};
		2BAAACFE2A1D0899005DB61B /* PBXContainerItemProxy */ = {
			isa = PBXContainerItemProxy;
			containerPortal = 2BAAACD52A1D0895005DB61B /* Project object */;
			proxyType = 1;
			remoteGlobalIDString = 2BAAACDC2A1D0896005DB61B;
			remoteInfo = TwitterSampleApp;
		};
/* End PBXContainerItemProxy section */

/* Begin PBXFileReference section */
		2BA334B42A2215BB0013291F /* PlaceHolderTextView.swift */ = {isa = PBXFileReference; lastKnownFileType = sourcecode.swift; path = PlaceHolderTextView.swift; sourceTree = "<group>"; };
		2BAAACDD2A1D0896005DB61B /* TwitterSampleApp.app */ = {isa = PBXFileReference; explicitFileType = wrapper.application; includeInIndex = 0; path = TwitterSampleApp.app; sourceTree = BUILT_PRODUCTS_DIR; };
		2BAAACE02A1D0896005DB61B /* AppDelegate.swift */ = {isa = PBXFileReference; lastKnownFileType = sourcecode.swift; path = AppDelegate.swift; sourceTree = "<group>"; };
		2BAAACE22A1D0896005DB61B /* SceneDelegate.swift */ = {isa = PBXFileReference; lastKnownFileType = sourcecode.swift; path = SceneDelegate.swift; sourceTree = "<group>"; };
		2BAAACE42A1D0896005DB61B /* HomeViewController.swift */ = {isa = PBXFileReference; lastKnownFileType = sourcecode.swift; path = HomeViewController.swift; sourceTree = "<group>"; };
		2BAAACE72A1D0896005DB61B /* Base */ = {isa = PBXFileReference; lastKnownFileType = file.storyboard; name = Base; path = Base.lproj/Main.storyboard; sourceTree = "<group>"; };
		2BAAACE92A1D0898005DB61B /* Assets.xcassets */ = {isa = PBXFileReference; lastKnownFileType = folder.assetcatalog; path = Assets.xcassets; sourceTree = "<group>"; };
		2BAAACEC2A1D0898005DB61B /* Base */ = {isa = PBXFileReference; lastKnownFileType = file.storyboard; name = Base; path = Base.lproj/LaunchScreen.storyboard; sourceTree = "<group>"; };
		2BAAACEE2A1D0898005DB61B /* Info.plist */ = {isa = PBXFileReference; lastKnownFileType = text.plist.xml; path = Info.plist; sourceTree = "<group>"; };
		2BAAACF32A1D0899005DB61B /* TwitterSampleAppTests.xctest */ = {isa = PBXFileReference; explicitFileType = wrapper.cfbundle; includeInIndex = 0; path = TwitterSampleAppTests.xctest; sourceTree = BUILT_PRODUCTS_DIR; };
		2BAAACF72A1D0899005DB61B /* TwitterSampleAppTests.swift */ = {isa = PBXFileReference; lastKnownFileType = sourcecode.swift; path = TwitterSampleAppTests.swift; sourceTree = "<group>"; };
		2BAAACFD2A1D0899005DB61B /* TwitterSampleAppUITests.xctest */ = {isa = PBXFileReference; explicitFileType = wrapper.cfbundle; includeInIndex = 0; path = TwitterSampleAppUITests.xctest; sourceTree = BUILT_PRODUCTS_DIR; };
		2BAAAD012A1D0899005DB61B /* TwitterSampleAppUITests.swift */ = {isa = PBXFileReference; lastKnownFileType = sourcecode.swift; path = TwitterSampleAppUITests.swift; sourceTree = "<group>"; };
		2BAAAD032A1D0899005DB61B /* TwitterSampleAppUITestsLaunchTests.swift */ = {isa = PBXFileReference; lastKnownFileType = sourcecode.swift; path = TwitterSampleAppUITestsLaunchTests.swift; sourceTree = "<group>"; };
		2BAAAD102A1D0932005DB61B /* PostDataModel.swift */ = {isa = PBXFileReference; lastKnownFileType = sourcecode.swift; path = PostDataModel.swift; sourceTree = "<group>"; };
		2BAAAD122A1D0A92005DB61B /* PostTableViewCell.swift */ = {isa = PBXFileReference; lastKnownFileType = sourcecode.swift; path = PostTableViewCell.swift; sourceTree = "<group>"; };
		2BAAAD132A1D0A92005DB61B /* PostTableViewCell.xib */ = {isa = PBXFileReference; lastKnownFileType = file.xib; path = PostTableViewCell.xib; sourceTree = "<group>"; };
		2BB629682A20D3B300B38F87 /* CreateNewPostVIewController.swift */ = {isa = PBXFileReference; lastKnownFileType = sourcecode.swift; path = CreateNewPostVIewController.swift; sourceTree = "<group>"; };
/* End PBXFileReference section */

/* Begin PBXFrameworksBuildPhase section */
		2BAAACDA2A1D0896005DB61B /* Frameworks */ = {
			isa = PBXFrameworksBuildPhase;
			buildActionMask = 2147483647;
			files = (
			);
			runOnlyForDeploymentPostprocessing = 0;
		};
		2BAAACF02A1D0899005DB61B /* Frameworks */ = {
			isa = PBXFrameworksBuildPhase;
			buildActionMask = 2147483647;
			files = (
			);
			runOnlyForDeploymentPostprocessing = 0;
		};
		2BAAACFA2A1D0899005DB61B /* Frameworks */ = {
			isa = PBXFrameworksBuildPhase;
			buildActionMask = 2147483647;
			files = (
			);
			runOnlyForDeploymentPostprocessing = 0;
		};
/* End PBXFrameworksBuildPhase section */

/* Begin PBXGroup section */
		2BAAACD42A1D0895005DB61B = {
			isa = PBXGroup;
			children = (
				2BAAACDF2A1D0896005DB61B /* TwitterSampleApp */,
				2BAAACF62A1D0899005DB61B /* TwitterSampleAppTests */,
				2BAAAD002A1D0899005DB61B /* TwitterSampleAppUITests */,
				2BAAACDE2A1D0896005DB61B /* Products */,
			);
			sourceTree = "<group>";
		};
		2BAAACDE2A1D0896005DB61B /* Products */ = {
			isa = PBXGroup;
			children = (
				2BAAACDD2A1D0896005DB61B /* TwitterSampleApp.app */,
				2BAAACF32A1D0899005DB61B /* TwitterSampleAppTests.xctest */,
				2BAAACFD2A1D0899005DB61B /* TwitterSampleAppUITests.xctest */,
			);
			name = Products;
			sourceTree = "<group>";
		};
		2BAAACDF2A1D0896005DB61B /* TwitterSampleApp */ = {
			isa = PBXGroup;
			children = (
				2BAAACE02A1D0896005DB61B /* AppDelegate.swift */,
				2BAAACE22A1D0896005DB61B /* SceneDelegate.swift */,
				2BAAACE42A1D0896005DB61B /* HomeViewController.swift */,
				2BAAACE62A1D0896005DB61B /* Main.storyboard */,
				2BAAACE92A1D0898005DB61B /* Assets.xcassets */,
				2BAAACEB2A1D0898005DB61B /* LaunchScreen.storyboard */,
				2BAAACEE2A1D0898005DB61B /* Info.plist */,
				2BAAAD102A1D0932005DB61B /* PostDataModel.swift */,
				2BAAAD122A1D0A92005DB61B /* PostTableViewCell.swift */,
				2BAAAD132A1D0A92005DB61B /* PostTableViewCell.xib */,
				2BB629682A20D3B300B38F87 /* CreateNewPostVIewController.swift */,
				2BA334B42A2215BB0013291F /* PlaceHolderTextView.swift */,
			);
			path = TwitterSampleApp;
			sourceTree = "<group>";
		};
		2BAAACF62A1D0899005DB61B /* TwitterSampleAppTests */ = {
			isa = PBXGroup;
			children = (
				2BAAACF72A1D0899005DB61B /* TwitterSampleAppTests.swift */,
			);
			path = TwitterSampleAppTests;
			sourceTree = "<group>";
		};
		2BAAAD002A1D0899005DB61B /* TwitterSampleAppUITests */ = {
			isa = PBXGroup;
			children = (
				2BAAAD012A1D0899005DB61B /* TwitterSampleAppUITests.swift */,
				2BAAAD032A1D0899005DB61B /* TwitterSampleAppUITestsLaunchTests.swift */,
			);
			path = TwitterSampleAppUITests;
			sourceTree = "<group>";
		};
/* End PBXGroup section */

/* Begin PBXNativeTarget section */
		2BAAACDC2A1D0896005DB61B /* TwitterSampleApp */ = {
			isa = PBXNativeTarget;
			buildConfigurationList = 2BAAAD072A1D0899005DB61B /* Build configuration list for PBXNativeTarget "TwitterSampleApp" */;
			buildPhases = (
				2BAAACD92A1D0896005DB61B /* Sources */,
				2BAAACDA2A1D0896005DB61B /* Frameworks */,
				2BAAACDB2A1D0896005DB61B /* Resources */,
			);
			buildRules = (
			);
			dependencies = (
			);
			name = TwitterSampleApp;
			productName = TwitterSampleApp;
			productReference = 2BAAACDD2A1D0896005DB61B /* TwitterSampleApp.app */;
			productType = "com.apple.product-type.application";
		};
		2BAAACF22A1D0899005DB61B /* TwitterSampleAppTests */ = {
			isa = PBXNativeTarget;
			buildConfigurationList = 2BAAAD0A2A1D0899005DB61B /* Build configuration list for PBXNativeTarget "TwitterSampleAppTests" */;
			buildPhases = (
				2BAAACEF2A1D0899005DB61B /* Sources */,
				2BAAACF02A1D0899005DB61B /* Frameworks */,
				2BAAACF12A1D0899005DB61B /* Resources */,
			);
			buildRules = (
			);
			dependencies = (
				2BAAACF52A1D0899005DB61B /* PBXTargetDependency */,
			);
			name = TwitterSampleAppTests;
			productName = TwitterSampleAppTests;
			productReference = 2BAAACF32A1D0899005DB61B /* TwitterSampleAppTests.xctest */;
			productType = "com.apple.product-type.bundle.unit-test";
		};
		2BAAACFC2A1D0899005DB61B /* TwitterSampleAppUITests */ = {
			isa = PBXNativeTarget;
			buildConfigurationList = 2BAAAD0D2A1D0899005DB61B /* Build configuration list for PBXNativeTarget "TwitterSampleAppUITests" */;
			buildPhases = (
				2BAAACF92A1D0899005DB61B /* Sources */,
				2BAAACFA2A1D0899005DB61B /* Frameworks */,
				2BAAACFB2A1D0899005DB61B /* Resources */,
			);
			buildRules = (
			);
			dependencies = (
				2BAAACFF2A1D0899005DB61B /* PBXTargetDependency */,
			);
			name = TwitterSampleAppUITests;
			productName = TwitterSampleAppUITests;
			productReference = 2BAAACFD2A1D0899005DB61B /* TwitterSampleAppUITests.xctest */;
			productType = "com.apple.product-type.bundle.ui-testing";
		};
/* End PBXNativeTarget section */

/* Begin PBXProject section */
		2BAAACD52A1D0895005DB61B /* Project object */ = {
			isa = PBXProject;
			attributes = {
				BuildIndependentTargetsInParallel = 1;
				LastSwiftUpdateCheck = 1430;
				LastUpgradeCheck = 1430;
				TargetAttributes = {
					2BAAACDC2A1D0896005DB61B = {
						CreatedOnToolsVersion = 14.3;
					};
					2BAAACF22A1D0899005DB61B = {
						CreatedOnToolsVersion = 14.3;
						TestTargetID = 2BAAACDC2A1D0896005DB61B;
					};
					2BAAACFC2A1D0899005DB61B = {
						CreatedOnToolsVersion = 14.3;
						TestTargetID = 2BAAACDC2A1D0896005DB61B;
					};
				};
			};
			buildConfigurationList = 2BAAACD82A1D0895005DB61B /* Build configuration list for PBXProject "TwitterSampleApp" */;
			compatibilityVersion = "Xcode 14.0";
			developmentRegion = en;
			hasScannedForEncodings = 0;
			knownRegions = (
				en,
				Base,
			);
			mainGroup = 2BAAACD42A1D0895005DB61B;
			productRefGroup = 2BAAACDE2A1D0896005DB61B /* Products */;
			projectDirPath = "";
			projectRoot = "";
			targets = (
				2BAAACDC2A1D0896005DB61B /* TwitterSampleApp */,
				2BAAACF22A1D0899005DB61B /* TwitterSampleAppTests */,
				2BAAACFC2A1D0899005DB61B /* TwitterSampleAppUITests */,
			);
		};
/* End PBXProject section */

/* Begin PBXResourcesBuildPhase section */
		2BAAACDB2A1D0896005DB61B /* Resources */ = {
			isa = PBXResourcesBuildPhase;
			buildActionMask = 2147483647;
			files = (
				2BAAACED2A1D0898005DB61B /* LaunchScreen.storyboard in Resources */,
				2BAAACEA2A1D0898005DB61B /* Assets.xcassets in Resources */,
				2BAAACE82A1D0896005DB61B /* Main.storyboard in Resources */,
				2BAAAD152A1D0A92005DB61B /* PostTableViewCell.xib in Resources */,
			);
			runOnlyForDeploymentPostprocessing = 0;
		};
		2BAAACF12A1D0899005DB61B /* Resources */ = {
			isa = PBXResourcesBuildPhase;
			buildActionMask = 2147483647;
			files = (
			);
			runOnlyForDeploymentPostprocessing = 0;
		};
		2BAAACFB2A1D0899005DB61B /* Resources */ = {
			isa = PBXResourcesBuildPhase;
			buildActionMask = 2147483647;
			files = (
			);
			runOnlyForDeploymentPostprocessing = 0;
		};
/* End PBXResourcesBuildPhase section */

/* Begin PBXSourcesBuildPhase section */
		2BAAACD92A1D0896005DB61B /* Sources */ = {
			isa = PBXSourcesBuildPhase;
			buildActionMask = 2147483647;
			files = (
				2BAAACE52A1D0896005DB61B /* HomeViewController.swift in Sources */,
				2BAAACE12A1D0896005DB61B /* AppDelegate.swift in Sources */,
				2BAAAD142A1D0A92005DB61B /* PostTableViewCell.swift in Sources */,
				2BAAACE32A1D0896005DB61B /* SceneDelegate.swift in Sources */,
				2BA334B52A2215BB0013291F /* PlaceHolderTextView.swift in Sources */,
				2BAAAD112A1D0932005DB61B /* PostDataModel.swift in Sources */,
				2BB629692A20D3B300B38F87 /* CreateNewPostVIewController.swift in Sources */,
			);
			runOnlyForDeploymentPostprocessing = 0;
		};
		2BAAACEF2A1D0899005DB61B /* Sources */ = {
			isa = PBXSourcesBuildPhase;
			buildActionMask = 2147483647;
			files = (
				2BAAACF82A1D0899005DB61B /* TwitterSampleAppTests.swift in Sources */,
			);
			runOnlyForDeploymentPostprocessing = 0;
		};
		2BAAACF92A1D0899005DB61B /* Sources */ = {
			isa = PBXSourcesBuildPhase;
			buildActionMask = 2147483647;
			files = (
				2BAAAD042A1D0899005DB61B /* TwitterSampleAppUITestsLaunchTests.swift in Sources */,
				2BAAAD022A1D0899005DB61B /* TwitterSampleAppUITests.swift in Sources */,
			);
			runOnlyForDeploymentPostprocessing = 0;
		};
/* End PBXSourcesBuildPhase section */

/* Begin PBXTargetDependency section */
		2BAAACF52A1D0899005DB61B /* PBXTargetDependency */ = {
			isa = PBXTargetDependency;
			target = 2BAAACDC2A1D0896005DB61B /* TwitterSampleApp */;
			targetProxy = 2BAAACF42A1D0899005DB61B /* PBXContainerItemProxy */;
		};
		2BAAACFF2A1D0899005DB61B /* PBXTargetDependency */ = {
			isa = PBXTargetDependency;
			target = 2BAAACDC2A1D0896005DB61B /* TwitterSampleApp */;
			targetProxy = 2BAAACFE2A1D0899005DB61B /* PBXContainerItemProxy */;
		};
/* End PBXTargetDependency section */

/* Begin PBXVariantGroup section */
		2BAAACE62A1D0896005DB61B /* Main.storyboard */ = {
			isa = PBXVariantGroup;
			children = (
				2BAAACE72A1D0896005DB61B /* Base */,
			);
			name = Main.storyboard;
			sourceTree = "<group>";
		};
		2BAAACEB2A1D0898005DB61B /* LaunchScreen.storyboard */ = {
			isa = PBXVariantGroup;
			children = (
				2BAAACEC2A1D0898005DB61B /* Base */,
			);
			name = LaunchScreen.storyboard;
			sourceTree = "<group>";
		};
/* End PBXVariantGroup section */

/* Begin XCBuildConfiguration section */
		2BAAAD052A1D0899005DB61B /* Debug */ = {
			isa = XCBuildConfiguration;
			buildSettings = {
				ALWAYS_SEARCH_USER_PATHS = NO;
				CLANG_ANALYZER_NONNULL = YES;
				CLANG_ANALYZER_NUMBER_OBJECT_CONVERSION = YES_AGGRESSIVE;
				CLANG_CXX_LANGUAGE_STANDARD = "gnu++20";
				CLANG_ENABLE_MODULES = YES;
				CLANG_ENABLE_OBJC_ARC = YES;
				CLANG_ENABLE_OBJC_WEAK = YES;
				CLANG_WARN_BLOCK_CAPTURE_AUTORELEASING = YES;
				CLANG_WARN_BOOL_CONVERSION = YES;
				CLANG_WARN_COMMA = YES;
				CLANG_WARN_CONSTANT_CONVERSION = YES;
				CLANG_WARN_DEPRECATED_OBJC_IMPLEMENTATIONS = YES;
				CLANG_WARN_DIRECT_OBJC_ISA_USAGE = YES_ERROR;
				CLANG_WARN_DOCUMENTATION_COMMENTS = YES;
				CLANG_WARN_EMPTY_BODY = YES;
				CLANG_WARN_ENUM_CONVERSION = YES;
				CLANG_WARN_INFINITE_RECURSION = YES;
				CLANG_WARN_INT_CONVERSION = YES;
				CLANG_WARN_NON_LITERAL_NULL_CONVERSION = YES;
				CLANG_WARN_OBJC_IMPLICIT_RETAIN_SELF = YES;
				CLANG_WARN_OBJC_LITERAL_CONVERSION = YES;
				CLANG_WARN_OBJC_ROOT_CLASS = YES_ERROR;
				CLANG_WARN_QUOTED_INCLUDE_IN_FRAMEWORK_HEADER = YES;
				CLANG_WARN_RANGE_LOOP_ANALYSIS = YES;
				CLANG_WARN_STRICT_PROTOTYPES = YES;
				CLANG_WARN_SUSPICIOUS_MOVE = YES;
				CLANG_WARN_UNGUARDED_AVAILABILITY = YES_AGGRESSIVE;
				CLANG_WARN_UNREACHABLE_CODE = YES;
				CLANG_WARN__DUPLICATE_METHOD_MATCH = YES;
				COPY_PHASE_STRIP = NO;
				DEBUG_INFORMATION_FORMAT = dwarf;
				ENABLE_STRICT_OBJC_MSGSEND = YES;
				ENABLE_TESTABILITY = YES;
				GCC_C_LANGUAGE_STANDARD = gnu11;
				GCC_DYNAMIC_NO_PIC = NO;
				GCC_NO_COMMON_BLOCKS = YES;
				GCC_OPTIMIZATION_LEVEL = 0;
				GCC_PREPROCESSOR_DEFINITIONS = (
					"DEBUG=1",
					"$(inherited)",
				);
				GCC_WARN_64_TO_32_BIT_CONVERSION = YES;
				GCC_WARN_ABOUT_RETURN_TYPE = YES_ERROR;
				GCC_WARN_UNDECLARED_SELECTOR = YES;
				GCC_WARN_UNINITIALIZED_AUTOS = YES_AGGRESSIVE;
				GCC_WARN_UNUSED_FUNCTION = YES;
				GCC_WARN_UNUSED_VARIABLE = YES;
				IPHONEOS_DEPLOYMENT_TARGET = 16.4;
				MTL_ENABLE_DEBUG_INFO = INCLUDE_SOURCE;
				MTL_FAST_MATH = YES;
				ONLY_ACTIVE_ARCH = YES;
				SDKROOT = iphoneos;
				SWIFT_ACTIVE_COMPILATION_CONDITIONS = DEBUG;
				SWIFT_OPTIMIZATION_LEVEL = "-Onone";
			};
			name = Debug;
		};
		2BAAAD062A1D0899005DB61B /* Release */ = {
			isa = XCBuildConfiguration;
			buildSettings = {
				ALWAYS_SEARCH_USER_PATHS = NO;
				CLANG_ANALYZER_NONNULL = YES;
				CLANG_ANALYZER_NUMBER_OBJECT_CONVERSION = YES_AGGRESSIVE;
				CLANG_CXX_LANGUAGE_STANDARD = "gnu++20";
				CLANG_ENABLE_MODULES = YES;
				CLANG_ENABLE_OBJC_ARC = YES;
				CLANG_ENABLE_OBJC_WEAK = YES;
				CLANG_WARN_BLOCK_CAPTURE_AUTORELEASING = YES;
				CLANG_WARN_BOOL_CONVERSION = YES;
				CLANG_WARN_COMMA = YES;
				CLANG_WARN_CONSTANT_CONVERSION = YES;
				CLANG_WARN_DEPRECATED_OBJC_IMPLEMENTATIONS = YES;
				CLANG_WARN_DIRECT_OBJC_ISA_USAGE = YES_ERROR;
				CLANG_WARN_DOCUMENTATION_COMMENTS = YES;
				CLANG_WARN_EMPTY_BODY = YES;
				CLANG_WARN_ENUM_CONVERSION = YES;
				CLANG_WARN_INFINITE_RECURSION = YES;
				CLANG_WARN_INT_CONVERSION = YES;
				CLANG_WARN_NON_LITERAL_NULL_CONVERSION = YES;
				CLANG_WARN_OBJC_IMPLICIT_RETAIN_SELF = YES;
				CLANG_WARN_OBJC_LITERAL_CONVERSION = YES;
				CLANG_WARN_OBJC_ROOT_CLASS = YES_ERROR;
				CLANG_WARN_QUOTED_INCLUDE_IN_FRAMEWORK_HEADER = YES;
				CLANG_WARN_RANGE_LOOP_ANALYSIS = YES;
				CLANG_WARN_STRICT_PROTOTYPES = YES;
				CLANG_WARN_SUSPICIOUS_MOVE = YES;
				CLANG_WARN_UNGUARDED_AVAILABILITY = YES_AGGRESSIVE;
				CLANG_WARN_UNREACHABLE_CODE = YES;
				CLANG_WARN__DUPLICATE_METHOD_MATCH = YES;
				COPY_PHASE_STRIP = NO;
				DEBUG_INFORMATION_FORMAT = "dwarf-with-dsym";
				ENABLE_NS_ASSERTIONS = NO;
				ENABLE_STRICT_OBJC_MSGSEND = YES;
				GCC_C_LANGUAGE_STANDARD = gnu11;
				GCC_NO_COMMON_BLOCKS = YES;
				GCC_WARN_64_TO_32_BIT_CONVERSION = YES;
				GCC_WARN_ABOUT_RETURN_TYPE = YES_ERROR;
				GCC_WARN_UNDECLARED_SELECTOR = YES;
				GCC_WARN_UNINITIALIZED_AUTOS = YES_AGGRESSIVE;
				GCC_WARN_UNUSED_FUNCTION = YES;
				GCC_WARN_UNUSED_VARIABLE = YES;
				IPHONEOS_DEPLOYMENT_TARGET = 16.4;
				MTL_ENABLE_DEBUG_INFO = NO;
				MTL_FAST_MATH = YES;
				SDKROOT = iphoneos;
				SWIFT_COMPILATION_MODE = wholemodule;
				SWIFT_OPTIMIZATION_LEVEL = "-O";
				VALIDATE_PRODUCT = YES;
			};
			name = Release;
		};
		2BAAAD082A1D0899005DB61B /* Debug */ = {
			isa = XCBuildConfiguration;
			buildSettings = {
				ASSETCATALOG_COMPILER_APPICON_NAME = AppIcon;
				ASSETCATALOG_COMPILER_GLOBAL_ACCENT_COLOR_NAME = AccentColor;
				CODE_SIGN_STYLE = Automatic;
				CURRENT_PROJECT_VERSION = 1;
				DEVELOPMENT_TEAM = 85BGHFBLJT;
				GENERATE_INFOPLIST_FILE = YES;
				INFOPLIST_FILE = TwitterSampleApp/Info.plist;
				INFOPLIST_KEY_UIApplicationSupportsIndirectInputEvents = YES;
				INFOPLIST_KEY_UILaunchStoryboardName = LaunchScreen;
				INFOPLIST_KEY_UIMainStoryboardFile = Main;
				INFOPLIST_KEY_UISupportedInterfaceOrientations_iPad = "UIInterfaceOrientationPortrait UIInterfaceOrientationPortraitUpsideDown UIInterfaceOrientationLandscapeLeft UIInterfaceOrientationLandscapeRight";
				INFOPLIST_KEY_UISupportedInterfaceOrientations_iPhone = "UIInterfaceOrientationPortrait UIInterfaceOrientationLandscapeLeft UIInterfaceOrientationLandscapeRight";
				LD_RUNPATH_SEARCH_PATHS = (
					"$(inherited)",
					"@executable_path/Frameworks",
				);
				MARKETING_VERSION = 1.0;
				PRODUCT_BUNDLE_IDENTIFIER = com.tappy.TwitterSampleApp;
				PRODUCT_NAME = "$(TARGET_NAME)";
				SWIFT_EMIT_LOC_STRINGS = YES;
				SWIFT_VERSION = 5.0;
				TARGETED_DEVICE_FAMILY = "1,2";
			};
			name = Debug;
		};
		2BAAAD092A1D0899005DB61B /* Release */ = {
			isa = XCBuildConfiguration;
			buildSettings = {
				ASSETCATALOG_COMPILER_APPICON_NAME = AppIcon;
				ASSETCATALOG_COMPILER_GLOBAL_ACCENT_COLOR_NAME = AccentColor;
				CODE_SIGN_STYLE = Automatic;
				CURRENT_PROJECT_VERSION = 1;
				DEVELOPMENT_TEAM = 85BGHFBLJT;
				GENERATE_INFOPLIST_FILE = YES;
				INFOPLIST_FILE = TwitterSampleApp/Info.plist;
				INFOPLIST_KEY_UIApplicationSupportsIndirectInputEvents = YES;
				INFOPLIST_KEY_UILaunchStoryboardName = LaunchScreen;
				INFOPLIST_KEY_UIMainStoryboardFile = Main;
				INFOPLIST_KEY_UISupportedInterfaceOrientations_iPad = "UIInterfaceOrientationPortrait UIInterfaceOrientationPortraitUpsideDown UIInterfaceOrientationLandscapeLeft UIInterfaceOrientationLandscapeRight";
				INFOPLIST_KEY_UISupportedInterfaceOrientations_iPhone = "UIInterfaceOrientationPortrait UIInterfaceOrientationLandscapeLeft UIInterfaceOrientationLandscapeRight";
				LD_RUNPATH_SEARCH_PATHS = (
					"$(inherited)",
					"@executable_path/Frameworks",
				);
				MARKETING_VERSION = 1.0;
				PRODUCT_BUNDLE_IDENTIFIER = com.tappy.TwitterSampleApp;
				PRODUCT_NAME = "$(TARGET_NAME)";
				SWIFT_EMIT_LOC_STRINGS = YES;
				SWIFT_VERSION = 5.0;
				TARGETED_DEVICE_FAMILY = "1,2";
			};
			name = Release;
		};
		2BAAAD0B2A1D0899005DB61B /* Debug */ = {
			isa = XCBuildConfiguration;
			buildSettings = {
				ALWAYS_EMBED_SWIFT_STANDARD_LIBRARIES = YES;
				BUNDLE_LOADER = "$(TEST_HOST)";
				CODE_SIGN_STYLE = Automatic;
				CURRENT_PROJECT_VERSION = 1;
				DEVELOPMENT_TEAM = 85BGHFBLJT;
				GENERATE_INFOPLIST_FILE = YES;
				IPHONEOS_DEPLOYMENT_TARGET = 16.4;
				MARKETING_VERSION = 1.0;
				PRODUCT_BUNDLE_IDENTIFIER = com.tappy.TwitterSampleAppTests;
				PRODUCT_NAME = "$(TARGET_NAME)";
				SWIFT_EMIT_LOC_STRINGS = NO;
				SWIFT_VERSION = 5.0;
				TARGETED_DEVICE_FAMILY = "1,2";
				TEST_HOST = "$(BUILT_PRODUCTS_DIR)/TwitterSampleApp.app/$(BUNDLE_EXECUTABLE_FOLDER_PATH)/TwitterSampleApp";
			};
			name = Debug;
		};
		2BAAAD0C2A1D0899005DB61B /* Release */ = {
			isa = XCBuildConfiguration;
			buildSettings = {
				ALWAYS_EMBED_SWIFT_STANDARD_LIBRARIES = YES;
				BUNDLE_LOADER = "$(TEST_HOST)";
				CODE_SIGN_STYLE = Automatic;
				CURRENT_PROJECT_VERSION = 1;
				DEVELOPMENT_TEAM = 85BGHFBLJT;
				GENERATE_INFOPLIST_FILE = YES;
				IPHONEOS_DEPLOYMENT_TARGET = 16.4;
				MARKETING_VERSION = 1.0;
				PRODUCT_BUNDLE_IDENTIFIER = com.tappy.TwitterSampleAppTests;
				PRODUCT_NAME = "$(TARGET_NAME)";
				SWIFT_EMIT_LOC_STRINGS = NO;
				SWIFT_VERSION = 5.0;
				TARGETED_DEVICE_FAMILY = "1,2";
				TEST_HOST = "$(BUILT_PRODUCTS_DIR)/TwitterSampleApp.app/$(BUNDLE_EXECUTABLE_FOLDER_PATH)/TwitterSampleApp";
			};
			name = Release;
		};
		2BAAAD0E2A1D0899005DB61B /* Debug */ = {
			isa = XCBuildConfiguration;
			buildSettings = {
				ALWAYS_EMBED_SWIFT_STANDARD_LIBRARIES = YES;
				CODE_SIGN_STYLE = Automatic;
				CURRENT_PROJECT_VERSION = 1;
				DEVELOPMENT_TEAM = 85BGHFBLJT;
				GENERATE_INFOPLIST_FILE = YES;
				MARKETING_VERSION = 1.0;
				PRODUCT_BUNDLE_IDENTIFIER = com.tappy.TwitterSampleAppUITests;
				PRODUCT_NAME = "$(TARGET_NAME)";
				SWIFT_EMIT_LOC_STRINGS = NO;
				SWIFT_VERSION = 5.0;
				TARGETED_DEVICE_FAMILY = "1,2";
				TEST_TARGET_NAME = TwitterSampleApp;
			};
			name = Debug;
		};
		2BAAAD0F2A1D0899005DB61B /* Release */ = {
			isa = XCBuildConfiguration;
			buildSettings = {
				ALWAYS_EMBED_SWIFT_STANDARD_LIBRARIES = YES;
				CODE_SIGN_STYLE = Automatic;
				CURRENT_PROJECT_VERSION = 1;
				DEVELOPMENT_TEAM = 85BGHFBLJT;
				GENERATE_INFOPLIST_FILE = YES;
				MARKETING_VERSION = 1.0;
				PRODUCT_BUNDLE_IDENTIFIER = com.tappy.TwitterSampleAppUITests;
				PRODUCT_NAME = "$(TARGET_NAME)";
				SWIFT_EMIT_LOC_STRINGS = NO;
				SWIFT_VERSION = 5.0;
				TARGETED_DEVICE_FAMILY = "1,2";
				TEST_TARGET_NAME = TwitterSampleApp;
			};
			name = Release;
		};
/* End XCBuildConfiguration section */

/* Begin XCConfigurationList section */
		2BAAACD82A1D0895005DB61B /* Build configuration list for PBXProject "TwitterSampleApp" */ = {
			isa = XCConfigurationList;
			buildConfigurations = (
				2BAAAD052A1D0899005DB61B /* Debug */,
				2BAAAD062A1D0899005DB61B /* Release */,
			);
			defaultConfigurationIsVisible = 0;
			defaultConfigurationName = Release;
		};
		2BAAAD072A1D0899005DB61B /* Build configuration list for PBXNativeTarget "TwitterSampleApp" */ = {
			isa = XCConfigurationList;
			buildConfigurations = (
				2BAAAD082A1D0899005DB61B /* Debug */,
				2BAAAD092A1D0899005DB61B /* Release */,
			);
			defaultConfigurationIsVisible = 0;
			defaultConfigurationName = Release;
		};
		2BAAAD0A2A1D0899005DB61B /* Build configuration list for PBXNativeTarget "TwitterSampleAppTests" */ = {
			isa = XCConfigurationList;
			buildConfigurations = (
				2BAAAD0B2A1D0899005DB61B /* Debug */,
				2BAAAD0C2A1D0899005DB61B /* Release */,
			);
			defaultConfigurationIsVisible = 0;
			defaultConfigurationName = Release;
		};
		2BAAAD0D2A1D0899005DB61B /* Build configuration list for PBXNativeTarget "TwitterSampleAppUITests" */ = {
			isa = XCConfigurationList;
			buildConfigurations = (
				2BAAAD0E2A1D0899005DB61B /* Debug */,
				2BAAAD0F2A1D0899005DB61B /* Release */,
			);
			defaultConfigurationIsVisible = 0;
			defaultConfigurationName = Release;
		};
/* End XCConfigurationList section */
	};
	rootObject = 2BAAACD52A1D0895005DB61B /* Project object */;
}
